{
    "hash": "056d80cd21e4920f44fd47c4f5b7b18c",
    "packages": [
        {
            "name": "caseyamcl/goldenretriever",
            "version": "dev-master",
            "source": {
                "type": "git",
                "url": "http://github.com/caseyamcl/goldenretriever",
                "reference": "cb68dd4c2fa0e528585d8b1fb2202f2d95ca5e8c"
            },
            "dist": {
                "type": "zip",
                "url": "https://github.com/caseyamcl/goldenretriever/zipball/cb68dd4c2fa0e528585d8b1fb2202f2d95ca5e8c",
                "reference": "cb68dd4c2fa0e528585d8b1fb2202f2d95ca5e8c",
                "shasum": ""
            },
            "require": {
                "php": ">=5.3.3",
                "symfony/yaml": ">=2.1.0"
            },
            "time": "1348016532",
            "type": "library",
            "installation-source": "source",
            "autoload": {
                "psr-0": {
                    "GoldenRetriever": "src/"
                }
            },
            "license": [
                "MIT"
            ],
            "authors": [
                {
                    "name": "Casey McLaughlin",
                    "email": "caseyamcl@gmail.com",
                    "homepage": "http://caseymclaughlin.com",
                    "role": "Developer"
                }
            ],
            "description": "A content negotiation and retrieval system for PHP",
            "homepage": "http://github.com/caseyamcl/goldenretriever",
            "keywords": [
                "content",
                "rest",
                "negotiation"
            ],
            "support": {
                "source": "https://github.com/caseyamcl/goldenretriever/tree/master",
                "issues": "https://github.com/caseyamcl/goldenretriever/issues"
            }
        },
        {
            "name": "eloquent/asplode",
            "version": "dev-master",
            "source": {
                "type": "git",
                "url": "https://github.com/eloquent/asplode.git",
                "reference": "1.0.4"
            },
            "dist": {
                "type": "zip",
                "url": "https://github.com/eloquent/asplode/zipball/1.0.4",
                "reference": "1.0.4",
                "shasum": ""
            },
            "require": {
                "php": ">=5.3.0",
                "icecave/isolator": "2.*"
            },
            "require-dev": {
                "phake/phake": "1.*"
            },
            "time": "1344216273",
            "type": "library",
            "installation-source": "source",
            "autoload": {
                "psr-0": {
                    "Eloquent\\Asplode": "src"
                }
            }
        },
        {
            "name": "firephp/firephp-core",
            "version": "dev-master",
            "source": {
                "type": "git",
                "url": "https://github.com/RobLoach/firephp-core",
                "reference": "c26d972dcb28fd483fa193512091df7b3c85e450"
            },
            "dist": {
                "type": "zip",
                "url": "https://github.com/RobLoach/firephp-core/zipball/c26d972dcb28fd483fa193512091df7b3c85e450",
                "reference": "c26d972dcb28fd483fa193512091df7b3c85e450",
                "shasum": ""
            },
            "time": "1338250094",
            "type": "library",
            "installation-source": "source",
            "autoload": {
                "classmap": [
                    "lib/FirePHPCore/FirePHP.class.php",
                    "lib/FirePHPCore/fb.php"
                ]
            }
        },
        {
            "name": "icecave/isolator",
            "version": "2.1.0",
            "source": {
                "type": "git",
                "url": "https://github.com/IcecaveStudios/isolator.git",
                "reference": "2.1.0"
            },
            "dist": {
                "type": "zip",
                "url": "https://github.com/IcecaveStudios/isolator/zipball/2.1.0",
                "reference": "2.1.0",
                "shasum": ""
            },
            "require": {
                "php": ">=5.3.0"
            },
            "require-dev": {
                "phake/phake": "1.*"
            },
            "time": "2012-08-12 22:37:39",
            "type": "library",
            "installation-source": "dist",
            "autoload": {
                "psr-0": {
                    "Icecave\\Isolator": "lib"
                }
            }
        },
        {
            "name": "pimple/pimple",
            "version": "1.0.0",
            "source": {
                "type": "git",
                "url": "git://github.com/fabpot/Pimple.git",
                "reference": "v1.0.0"
            },
            "dist": {
                "type": "zip",
                "url": "https://github.com/fabpot/Pimple/zipball/v1.0.0",
                "reference": "v1.0.0",
                "shasum": ""
            },
            "require": {
                "php": ">=5.3.0"
            },
            "time": "2012-05-08 17:57:24",
            "type": "library",
            "extra": {
                "branch-alias": {
                    "dev-master": "1.0.x-dev"
                }
            },
            "installation-source": "dist",
            "autoload": {
                "psr-0": {
                    "Pimple": "lib/"
                }
            }
        },
        {
            "name": "symfony/class-loader",
            "version": "v2.1.1",
            "target-dir": "Symfony/Component/ClassLoader",
            "source": {
                "type": "git",
                "url": "https://github.com/symfony/ClassLoader",
                "reference": "v2.1.1"
            },
            "dist": {
                "type": "zip",
                "url": "https://github.com/symfony/ClassLoader/zipball/v2.1.1",
                "reference": "v2.1.1",
                "shasum": ""
            },
            "require": {
                "php": ">=5.3.3"
            },
            "require-dev": {
                "symfony/finder": "2.1.*"
            },
            "time": "2012-09-01 19:02:36",
            "type": "library",
            "extra": {
                "branch-alias": {
                    "dev-master": "2.1-dev"
                }
            },
            "installation-source": "dist",
            "autoload": {
                "psr-0": {
                    "Symfony\\Component\\ClassLoader": ""
                }
            }
        },
        {
            "name": "symfony/http-foundation",
            "version": "v2.1.1",
            "target-dir": "Symfony/Component/HttpFoundation",
            "source": {
                "type": "git",
                "url": "https://github.com/symfony/HttpFoundation",
                "reference": "v2.1.1"
            },
            "dist": {
                "type": "zip",
                "url": "https://github.com/symfony/HttpFoundation/zipball/v2.1.1",
                "reference": "v2.1.1",
                "shasum": ""
            },
            "require": {
                "php": ">=5.3.3"
            },
            "time": "2012-09-05 00:24:42",
            "type": "library",
            "extra": {
                "branch-alias": {
                    "dev-master": "2.1-dev"
                }
            },
            "installation-source": "dist",
            "autoload": {
                "psr-0": {
                    "Symfony\\Component\\HttpFoundation": "",
                    "SessionHandlerInterface": "Symfony/Component/HttpFoundation/Resources/stubs"
                }
            }
        },
        {
            "name": "symfony/yaml",
            "version": "v2.1.1",
            "target-dir": "Symfony/Component/Yaml",
            "source": {
                "type": "git",
                "url": "https://github.com/symfony/Yaml",
                "reference": "v2.1.0-RC2"
            },
            "dist": {
                "type": "zip",
                "url": "https://github.com/symfony/Yaml/zipball/v2.1.0-RC2",
                "reference": "v2.1.0-RC2",
                "shasum": ""
            },
            "require": {
                "php": ">=5.3.3"
            },
            "time": "2012-08-23 01:48:41",
            "type": "library",
            "extra": {
                "branch-alias": {
                    "dev-master": "2.1-dev"
                }
            },
            "installation-source": "dist",
            "autoload": {
                "psr-0": {
                    "Symfony\\Component\\Yaml": ""
                }
            }
        }
    ],
    "packages-dev": null,
    "aliases": [

    ],
    "minimum-stability": "stable",
    "stability-flags": {
        "firephp/firephp-core": 20,
        "eloquent/asplode": 20,
        "caseyamcl/goldenretriever": 20
    }
}
