{
    "hash": "056d80cd21e4920f44fd47c4f5b7b18c",
    "packages": [
        {
            "package": "caseyamcl/goldenretriever",
            "version": "dev-master",
            "source-reference": "3943c7d9bbfe858e3b20d955a87ecaa1e04f5daa",
            "commit-date": "1347932706"
        },
        {
            "package": "eloquent/asplode",
            "version": "dev-master",
            "source-reference": "1.0.4",
            "commit-date": "1344216273"
        },
        {
            "package": "firephp/firephp-core",
            "version": "dev-master",
            "source-reference": "c26d972dcb28fd483fa193512091df7b3c85e450",
            "commit-date": "1338250094"
        },
        {
            "package": "icecave/isolator",
            "version": "2.1.0"
        },
        {
            "package": "pimple/pimple",
            "version": "1.0.0"
        },
        {
            "package": "symfony/class-loader",
            "version": "v2.1.1"
        },
        {
            "package": "symfony/http-foundation",
            "version": "v2.1.1"
        },
        {
            "package": "symfony/yaml",
            "version": "v2.1.1"
        }
    ],
    "packages-dev": null,
    "aliases": [

    ],
    "minimum-stability": "stable",
    "stability-flags": {
        "firephp/firephp-core": 20,
        "eloquent/asplode": 20,
        "caseyamcl/goldenretriever": 20
    }
}
